
Microsoft Visual Studio Solution File, Format Version 12.00
# Visual Studio Version 16
VisualStudioVersion = 16.0.30804.86
MinimumVisualStudioVersion = 10.0.40219.1
Project("{FAE04EC0-301F-11D3-BF4B-00C04F79EFBC}") = "WaifuGenerator", "WaifuGenerator\WaifuGenerator.csproj", "{318183EC-8E2E-44D3-AB75-F2E6C69CB379}"
EndProject
Global
	GlobalSection(SolutionConfigurationPlatforms) = preSolution
		Debug|Any CPU = Debug|Any CPU
		Release|Any CPU = Release|Any CPU
	EndGlobalSection
	GlobalSection(ProjectConfigurationPlatforms) = postSolution
		{318183EC-8E2E-44D3-AB75-F2E6C69CB379}.Debug|Any CPU.ActiveCfg = Debug|Any CPU
		{318183EC-8E2E-44D3-AB75-F2E6C69CB379}.Debug|Any CPU.Build.0 = Debug|Any CPU
		{318183EC-8E2E-44D3-AB75-F2E6C69CB379}.Release|Any CPU.ActiveCfg = Release|Any CPU
		{318183EC-8E2E-44D3-AB75-F2E6C69CB379}.Release|Any CPU.Build.0 = Release|Any CPU
	EndGlobalSection
	GlobalSection(SolutionProperties) = preSolution
		HideSolutionNode = FALSE
	EndGlobalSection
	GlobalSection(ExtensibilityGlobals) = postSolution
		SolutionGuid = {B83D2357-BD09-4D01-BCD3-13AEDA3981C7}
	EndGlobalSection
EndGlobal
